
Microsoft Visual Studio Solution File, Format Version 12.00
# Visual Studio Version 16
VisualStudioVersion = 16.0.30011.22
MinimumVisualStudioVersion = 10.0.40219.1
Project("{FAE04EC0-301F-11D3-BF4B-00C04F79EFBC}") = "EfCore.Oracle.Example", "EfCore.Oracle.Example\EfCore.Oracle.Example.csproj", "{5A56345D-4A82-47DA-9C7E-0F49FD473983}"
EndProject
Global
	GlobalSection(SolutionConfigurationPlatforms) = preSolution
		Debug|Any CPU = Debug|Any CPU
		Release|Any CPU = Release|Any CPU
	EndGlobalSection
	GlobalSection(ProjectConfigurationPlatforms) = postSolution
		{5A56345D-4A82-47DA-9C7E-0F49FD473983}.Debug|Any CPU.ActiveCfg = Debug|Any CPU
		{5A56345D-4A82-47DA-9C7E-0F49FD473983}.Debug|Any CPU.Build.0 = Debug|Any CPU
		{5A56345D-4A82-47DA-9C7E-0F49FD473983}.Release|Any CPU.ActiveCfg = Release|Any CPU
		{5A56345D-4A82-47DA-9C7E-0F49FD473983}.Release|Any CPU.Build.0 = Release|Any CPU
	EndGlobalSection
	GlobalSection(SolutionProperties) = preSolution
		HideSolutionNode = FALSE
	EndGlobalSection
	GlobalSection(ExtensibilityGlobals) = postSolution
		SolutionGuid = {F5F90139-7F85-4046-85B2-1EA0E5671A20}
	EndGlobalSection
EndGlobal
